<?xml version="1.0" encoding="utf-8"?>
<Project ToolsVersion="4.0" xmlns="http://schemas.microsoft.com/developer/msbuild/2003">
  <ItemGroup>
    <ClCompile Include="src\States\Game_State.cpp">
      <Filter>src\States</Filter>
    </ClCompile>
    <ClCompile Include="src\States\Playing_State.cpp">
      <Filter>src\States</Filter>
    </ClCompile>
    <ClCompile Include="src\Shaders\Shader_Loader.cpp">
      <Filter>src\Shaders</Filter>
    </ClCompile>
    <ClCompile Include="src\Shaders\Shader_Program.cpp">
      <Filter>src\Shaders</Filter>
    </ClCompile>
    <ClCompile Include="src\Shaders\Simple_Shader.cpp">
      <Filter>src\Shaders</Filter>
    </ClCompile>
    <ClCompile Include="src\Renderer\Master_Renderer.cpp">
      <Filter>src\Renderer</Filter>
    </ClCompile>
    <ClCompile Include="src\Renderer\Simple_Renderer.cpp">
      <Filter>src\Renderer</Filter>
    </ClCompile>
    <ClCompile Include="src\Maths\Matrix_Maths.cpp">
      <Filter>src\Maths</Filter>
    </ClCompile>
    <ClCompile Include="src\Maths\Random_Maths.cpp">
      <Filter>src\Maths</Filter>
    </ClCompile>
    <ClCompile Include="src\Launcher\main.cpp">
      <Filter>src\Launcher</Filter>
    </ClCompile>
    <ClCompile Include="src\Entity\Camera.cpp">
      <Filter>src\Entity</Filter>
    </ClCompile>
    <ClCompile Include="src\Entity\Blocks\Model.cpp">
      <Filter>src\Entity\Blocks</Filter>
    </ClCompile>
    <ClCompile Include="src\Entity\Blocks\Quad.cpp">
      <Filter>src\Entity\Blocks</Filter>
    </ClCompile>
    <ClCompile Include="src\Entity\Textures\Basic_Texture.cpp">
      <Filter>src\Entity\Textures</Filter>
    </ClCompile>
    <ClCompile Include="src\Entity\Textures\Texture_Atlas.cpp">
      <Filter>src\Entity\Textures</Filter>
    </ClCompile>
    <ClCompile Include="src\Affichage\Application.cpp">
      <Filter>src\Affichage</Filter>
    </ClCompile>
    <ClCompile Include="src\Affichage\Display.cpp">
      <Filter>src\Affichage</Filter>
    </ClCompile>
    <ClCompile Include="src\Affichage\MusicApp.cpp">
      <Filter>src\Affichage</Filter>
    </ClCompile>
    <ClCompile Include="src\Maths\Noise.cpp">
      <Filter>src\Maths</Filter>
    </ClCompile>
    <ClCompile Include="src\Maths\noiseutils.cpp">
      <Filter>src\Maths</Filter>
    </ClCompile>
    <ClCompile Include="src\World\WChunk.cpp">
      <Filter>src\World</Filter>
    </ClCompile>
  </ItemGroup>
  <ItemGroup>
    <ClInclude Include="src\States\Game_State.h">
      <Filter>src\States</Filter>
    </ClInclude>
    <ClInclude Include="src\States\Playing_State.h">
      <Filter>src\States</Filter>
    </ClInclude>
    <ClInclude Include="src\Shaders\Shader_Loader.h">
      <Filter>src\Shaders</Filter>
    </ClInclude>
    <ClInclude Include="src\Shaders\Shader_Program.h">
      <Filter>src\Shaders</Filter>
    </ClInclude>
    <ClInclude Include="src\Shaders\Simple_Shader.h">
      <Filter>src\Shaders</Filter>
    </ClInclude>
    <ClInclude Include="src\Rules\Glm_Common.h">
      <Filter>src\Rules</Filter>
    </ClInclude>
    <ClInclude Include="src\Renderer\Master_Renderer.h">
      <Filter>src\Renderer</Filter>
    </ClInclude>
    <ClInclude Include="src\Renderer\Simple_Renderer.h">
      <Filter>src\Renderer</Filter>
    </ClInclude>
    <ClInclude Include="src\Maths\Matrix_Maths.h">
      <Filter>src\Maths</Filter>
    </ClInclude>
    <ClInclude Include="src\Maths\Random_Maths.h">
      <Filter>src\Maths</Filter>
    </ClInclude>
    <ClInclude Include="src\Entity\Camera.h">
      <Filter>src\Entity</Filter>
    </ClInclude>
    <ClInclude Include="src\Entity\Entity.h">
      <Filter>src\Entity</Filter>
    </ClInclude>
    <ClInclude Include="src\Entity\Blocks\Model.h">
      <Filter>src\Entity\Blocks</Filter>
    </ClInclude>
    <ClInclude Include="src\Entity\Blocks\Quad.h">
      <Filter>src\Entity\Blocks</Filter>
    </ClInclude>
    <ClInclude Include="src\Entity\Textures\Basic_Texture.h">
      <Filter>src\Entity\Textures</Filter>
    </ClInclude>
    <ClInclude Include="src\Entity\Textures\Texture_Atlas.h">
      <Filter>src\Entity\Textures</Filter>
    </ClInclude>
    <ClInclude Include="src\Affichage\Application.h">
      <Filter>src\Affichage</Filter>
    </ClInclude>
    <ClInclude Include="src\Affichage\Display.h">
      <Filter>src\Affichage</Filter>
    </ClInclude>
    <ClInclude Include="src\Affichage\MusicApp.h">
      <Filter>src\Affichage</Filter>
    </ClInclude>
    <ClInclude Include="src\Maths\Noise.h">
      <Filter>src\Maths</Filter>
    </ClInclude>
    <ClInclude Include="src\Maths\noiseutils.h">
      <Filter>src\Maths</Filter>
    </ClInclude>
    <ClInclude Include="src\World\WChunk.h">
      <Filter>src\World</Filter>
    </ClInclude>
  </ItemGroup>
  <ItemGroup>
    <Filter Include="src">
      <UniqueIdentifier>{3bcf1c5d-16e4-4ca6-8df8-7ec78e3e2393}</UniqueIdentifier>
    </Filter>
    <Filter Include="src\Renderer">
      <UniqueIdentifier>{0ec3a6b0-5054-4a3e-8249-3275aaef44f1}</UniqueIdentifier>
    </Filter>
    <Filter Include="src\Rules">
      <UniqueIdentifier>{ba3dc316-e3e2-4938-bb7f-0ba807c5bca6}</UniqueIdentifier>
    </Filter>
    <Filter Include="src\Shaders">
      <UniqueIdentifier>{ead99591-973d-493a-bd09-e2dfaeb99d7f}</UniqueIdentifier>
    </Filter>
    <Filter Include="src\States">
      <UniqueIdentifier>{35bf1fd1-ba3c-4062-b090-9ef7351cf4d2}</UniqueIdentifier>
    </Filter>
    <Filter Include="src\Entity">
      <UniqueIdentifier>{916e2bd7-1d4d-4e29-93f2-62299d3e2326}</UniqueIdentifier>
    </Filter>
    <Filter Include="src\Entity\Blocks">
      <UniqueIdentifier>{fb5e3381-ac4e-44f9-a796-504624675233}</UniqueIdentifier>
    </Filter>
    <Filter Include="src\Entity\Textures">
      <UniqueIdentifier>{8eb5d0b3-cbd1-4e4d-a0f0-a78b467accff}</UniqueIdentifier>
    </Filter>
    <Filter Include="src\Affichage">
      <UniqueIdentifier>{61d9a3a8-30d0-4ef1-bded-3ea89de8e42a}</UniqueIdentifier>
    </Filter>
    <Filter Include="src\Launcher">
      <UniqueIdentifier>{e172b70d-3c9c-489b-84c1-d4b9ec2ed57f}</UniqueIdentifier>
    </Filter>
    <Filter Include="src\Maths">
      <UniqueIdentifier>{b4858a02-1f2f-434b-8c91-f6c9984f9ece}</UniqueIdentifier>
    </Filter>
    <Filter Include="Data">
      <UniqueIdentifier>{7a1884c8-f2f2-475d-80ad-7dfa9d0a3a35}</UniqueIdentifier>
    </Filter>
    <Filter Include="Data\Shaders">
      <UniqueIdentifier>{e77172a6-1f56-414c-a278-8f2e8a448b7a}</UniqueIdentifier>
    </Filter>
    <Filter Include="src\World">
      <UniqueIdentifier>{ac146544-54ab-4bca-a773-5f2a50b87dfd}</UniqueIdentifier>
    </Filter>
  </ItemGroup>
  <ItemGroup>
    <None Include="Data\Shaders\Simple_Fragment.glsl">
      <Filter>Data\Shaders</Filter>
    </None>
    <None Include="Data\Shaders\Simple_Vertex.glsl">
      <Filter>Data\Shaders</Filter>
    </None>
  </ItemGroup>
</Project>