<?xml version="1.0" encoding="utf-8"?>
<Project ToolsVersion="4.0" xmlns="http://schemas.microsoft.com/developer/msbuild/2003">
  <ItemGroup>
    <Filter Include="Affichage">
      <UniqueIdentifier>{3a19c293-c631-4906-b633-caa2a9fc8866}</UniqueIdentifier>
    </Filter>
    <Filter Include="Shaders">
      <UniqueIdentifier>{b0a4c8ee-7e85-4fa8-ab80-f4c446835b30}</UniqueIdentifier>
    </Filter>
    <Filter Include="Maths">
      <UniqueIdentifier>{32018121-4b36-47cb-9faa-c8a3f6f10efe}</UniqueIdentifier>
    </Filter>
    <Filter Include="States">
      <UniqueIdentifier>{45a97976-7d53-46ba-8db9-50f7b29ef1c8}</UniqueIdentifier>
    </Filter>
    <Filter Include="Launcher">
      <UniqueIdentifier>{e09bd05a-4562-4cff-bc1c-d0563a1232c1}</UniqueIdentifier>
    </Filter>
    <Filter Include="Entity">
      <UniqueIdentifier>{aec36c6d-4646-4a87-8d6e-423b8c0e4699}</UniqueIdentifier>
    </Filter>
    <Filter Include="Rules">
      <UniqueIdentifier>{05c56b2e-31b9-42a9-883b-baa6ec2ca454}</UniqueIdentifier>
    </Filter>
    <Filter Include="Renderer">
      <UniqueIdentifier>{7ce79bd9-db08-416e-9933-a217124fcad4}</UniqueIdentifier>
    </Filter>
    <Filter Include="Entity\Blocks">
      <UniqueIdentifier>{4d311118-3875-475b-b36c-6691a4d0d847}</UniqueIdentifier>
    </Filter>
    <Filter Include="Entity\Textures">
      <UniqueIdentifier>{b569216f-48f6-4944-9dee-4a05bca70f57}</UniqueIdentifier>
    </Filter>
  </ItemGroup>
  <ItemGroup>
    <ClCompile Include="Display.cpp">
      <Filter>Affichage</Filter>
    </ClCompile>
    <ClCompile Include="Application.cpp">
      <Filter>Affichage</Filter>
    </ClCompile>
    <ClCompile Include="Random_Maths.cpp">
      <Filter>Maths</Filter>
    </ClCompile>
    <ClCompile Include="Game_State.cpp">
      <Filter>States</Filter>
    </ClCompile>
    <ClCompile Include="main.cpp">
      <Filter>Launcher</Filter>
    </ClCompile>
    <ClCompile Include="Camera.cpp">
      <Filter>Entity</Filter>
    </ClCompile>
    <ClCompile Include="Playing_State.cpp">
      <Filter>States</Filter>
    </ClCompile>
    <ClCompile Include="Simple_Renderer.cpp">
      <Filter>Renderer</Filter>
    </ClCompile>
    <ClCompile Include="Shader_Loader.cpp">
      <Filter>Shaders</Filter>
    </ClCompile>
    <ClCompile Include="Shader_Program.cpp">
      <Filter>Shaders</Filter>
    </ClCompile>
    <ClCompile Include="Simple_Shader.cpp">
      <Filter>Shaders</Filter>
    </ClCompile>
    <ClCompile Include="Matrix_Maths.cpp">
      <Filter>Maths</Filter>
    </ClCompile>
    <ClCompile Include="Quad.cpp">
      <Filter>Entity\Blocks</Filter>
    </ClCompile>
    <ClCompile Include="Model.cpp">
      <Filter>Entity\Blocks</Filter>
    </ClCompile>
    <ClCompile Include="Basic_Texture.cpp">
      <Filter>Entity\Textures</Filter>
    </ClCompile>
    <ClCompile Include="Texture_Atlas.cpp">
      <Filter>Entity\Textures</Filter>
    </ClCompile>
    <ClCompile Include="Master_Renderer.cpp">
      <Filter>Renderer</Filter>
    </ClCompile>
    <ClCompile Include="MusicApp.cpp" />
  </ItemGroup>
  <ItemGroup>
    <ClInclude Include="Display.h">
      <Filter>Affichage</Filter>
    </ClInclude>
    <ClInclude Include="Application.h">
      <Filter>Affichage</Filter>
    </ClInclude>
    <ClInclude Include="Random_Maths.h">
      <Filter>Maths</Filter>
    </ClInclude>
    <ClInclude Include="Game_State.h">
      <Filter>States</Filter>
    </ClInclude>
    <ClInclude Include="Entity.h">
      <Filter>Entity</Filter>
    </ClInclude>
    <ClInclude Include="Glm_Common.h">
      <Filter>Rules</Filter>
    </ClInclude>
    <ClInclude Include="Camera.h">
      <Filter>Entity</Filter>
    </ClInclude>
    <ClInclude Include="Playing_State.h">
      <Filter>States</Filter>
    </ClInclude>
    <ClInclude Include="Simple_Renderer.h">
      <Filter>Renderer</Filter>
    </ClInclude>
    <ClInclude Include="Shader_Loader.h">
      <Filter>Shaders</Filter>
    </ClInclude>
    <ClInclude Include="Shader_Program.h">
      <Filter>Shaders</Filter>
    </ClInclude>
    <ClInclude Include="Simple_Shader.h">
      <Filter>Shaders</Filter>
    </ClInclude>
    <ClInclude Include="Matrix_Maths.h">
      <Filter>Maths</Filter>
    </ClInclude>
    <ClInclude Include="Quad.h">
      <Filter>Entity\Blocks</Filter>
    </ClInclude>
    <ClInclude Include="Model.h">
      <Filter>Entity\Blocks</Filter>
    </ClInclude>
    <ClInclude Include="Basic_Texture.h">
      <Filter>Entity\Textures</Filter>
    </ClInclude>
    <ClInclude Include="Texture_Atlas.h">
      <Filter>Entity\Textures</Filter>
    </ClInclude>
    <ClInclude Include="Master_Renderer.h">
      <Filter>Renderer</Filter>
    </ClInclude>
    <ClInclude Include="MusicApp.h" />
  </ItemGroup>
  <ItemGroup>
    <None Include="Data\Shaders\Simple_Fragment.glsl">
      <Filter>Shaders</Filter>
    </None>
    <None Include="Data\Shaders\Simple_Vertex.glsl">
      <Filter>Shaders</Filter>
    </None>
  </ItemGroup>
</Project>